
Microsoft Visual Studio Solution File, Format Version 12.00
# Visual Studio Version 16
VisualStudioVersion = 16.0.30114.105
MinimumVisualStudioVersion = 10.0.40219.1
Project("{2150E333-8FDC-42A3-9474-1A3956D46DE8}") = "src", "src", "{F36C4476-E20E-4E4D-BC71-8B221E5505C8}"
EndProject
Project("{FAE04EC0-301F-11D3-BF4B-00C04F79EFBC}") = "SimpleAPI", "src\SimpleAPI\SimpleAPI.csproj", "{30B6B34C-D34E-474B-A104-F77ACCFA250E}"
EndProject
Project("{2150E333-8FDC-42A3-9474-1A3956D46DE8}") = "test", "test", "{25E0172C-4209-4DF2-9BA6-C37AE85EBFC8}"
EndProject
Project("{FAE04EC0-301F-11D3-BF4B-00C04F79EFBC}") = "SimpleAPI.Test", "test\SimpleAPI.Test\SimpleAPI.Test.csproj", "{2D8E4464-07F2-4F04-B586-7E79B6628316}"
EndProject
Global
	GlobalSection(SolutionConfigurationPlatforms) = preSolution
		Debug|Any CPU = Debug|Any CPU
		Debug|x64 = Debug|x64
		Debug|x86 = Debug|x86
		Release|Any CPU = Release|Any CPU
		Release|x64 = Release|x64
		Release|x86 = Release|x86
	EndGlobalSection
	GlobalSection(SolutionProperties) = preSolution
		HideSolutionNode = FALSE
	EndGlobalSection
	GlobalSection(ProjectConfigurationPlatforms) = postSolution
		{30B6B34C-D34E-474B-A104-F77ACCFA250E}.Debug|Any CPU.ActiveCfg = Debug|Any CPU
		{30B6B34C-D34E-474B-A104-F77ACCFA250E}.Debug|Any CPU.Build.0 = Debug|Any CPU
		{30B6B34C-D34E-474B-A104-F77ACCFA250E}.Debug|x64.ActiveCfg = Debug|Any CPU
		{30B6B34C-D34E-474B-A104-F77ACCFA250E}.Debug|x64.Build.0 = Debug|Any CPU
		{30B6B34C-D34E-474B-A104-F77ACCFA250E}.Debug|x86.ActiveCfg = Debug|Any CPU
		{30B6B34C-D34E-474B-A104-F77ACCFA250E}.Debug|x86.Build.0 = Debug|Any CPU
		{30B6B34C-D34E-474B-A104-F77ACCFA250E}.Release|Any CPU.ActiveCfg = Release|Any CPU
		{30B6B34C-D34E-474B-A104-F77ACCFA250E}.Release|Any CPU.Build.0 = Release|Any CPU
		{30B6B34C-D34E-474B-A104-F77ACCFA250E}.Release|x64.ActiveCfg = Release|Any CPU
		{30B6B34C-D34E-474B-A104-F77ACCFA250E}.Release|x64.Build.0 = Release|Any CPU
		{30B6B34C-D34E-474B-A104-F77ACCFA250E}.Release|x86.ActiveCfg = Release|Any CPU
		{30B6B34C-D34E-474B-A104-F77ACCFA250E}.Release|x86.Build.0 = Release|Any CPU
		{2D8E4464-07F2-4F04-B586-7E79B6628316}.Debug|Any CPU.ActiveCfg = Debug|Any CPU
		{2D8E4464-07F2-4F04-B586-7E79B6628316}.Debug|Any CPU.Build.0 = Debug|Any CPU
		{2D8E4464-07F2-4F04-B586-7E79B6628316}.Debug|x64.ActiveCfg = Debug|Any CPU
		{2D8E4464-07F2-4F04-B586-7E79B6628316}.Debug|x64.Build.0 = Debug|Any CPU
		{2D8E4464-07F2-4F04-B586-7E79B6628316}.Debug|x86.ActiveCfg = Debug|Any CPU
		{2D8E4464-07F2-4F04-B586-7E79B6628316}.Debug|x86.Build.0 = Debug|Any CPU
		{2D8E4464-07F2-4F04-B586-7E79B6628316}.Release|Any CPU.ActiveCfg = Release|Any CPU
		{2D8E4464-07F2-4F04-B586-7E79B6628316}.Release|Any CPU.Build.0 = Release|Any CPU
		{2D8E4464-07F2-4F04-B586-7E79B6628316}.Release|x64.ActiveCfg = Release|Any CPU
		{2D8E4464-07F2-4F04-B586-7E79B6628316}.Release|x64.Build.0 = Release|Any CPU
		{2D8E4464-07F2-4F04-B586-7E79B6628316}.Release|x86.ActiveCfg = Release|Any CPU
		{2D8E4464-07F2-4F04-B586-7E79B6628316}.Release|x86.Build.0 = Release|Any CPU
	EndGlobalSection
	GlobalSection(NestedProjects) = preSolution
		{30B6B34C-D34E-474B-A104-F77ACCFA250E} = {F36C4476-E20E-4E4D-BC71-8B221E5505C8}
		{2D8E4464-07F2-4F04-B586-7E79B6628316} = {25E0172C-4209-4DF2-9BA6-C37AE85EBFC8}
	EndGlobalSection
EndGlobal
